
Microsoft Visual Studio Solution File, Format Version 12.00
# Visual Studio Version 16
VisualStudioVersion = 16.0.30717.126
MinimumVisualStudioVersion = 10.0.40219.1
Project("{FAE04EC0-301F-11D3-BF4B-00C04F79EFBC}") = "week12_ques2", "week12_ques2\week12_ques2.csproj", "{A1755ED5-E636-43B5-BDD8-F1DDDF76CE3B}"
EndProject
Global
	GlobalSection(SolutionConfigurationPlatforms) = preSolution
		Debug|Any CPU = Debug|Any CPU
		Release|Any CPU = Release|Any CPU
	EndGlobalSection
	GlobalSection(ProjectConfigurationPlatforms) = postSolution
		{A1755ED5-E636-43B5-BDD8-F1DDDF76CE3B}.Debug|Any CPU.ActiveCfg = Debug|Any CPU
		{A1755ED5-E636-43B5-BDD8-F1DDDF76CE3B}.Debug|Any CPU.Build.0 = Debug|Any CPU
		{A1755ED5-E636-43B5-BDD8-F1DDDF76CE3B}.Release|Any CPU.ActiveCfg = Release|Any CPU
		{A1755ED5-E636-43B5-BDD8-F1DDDF76CE3B}.Release|Any CPU.Build.0 = Release|Any CPU
	EndGlobalSection
	GlobalSection(SolutionProperties) = preSolution
		HideSolutionNode = FALSE
	EndGlobalSection
	GlobalSection(ExtensibilityGlobals) = postSolution
		SolutionGuid = {88634E0D-1DB5-4E61-8332-0E3BFED4CA09}
	EndGlobalSection
EndGlobal
